
Microsoft Visual Studio Solution File, Format Version 12.00
# Visual Studio Version 17
VisualStudioVersion = 17.10.35027.167
MinimumVisualStudioVersion = 10.0.40219.1
Project("{FAE04EC0-301F-11D3-BF4B-00C04F79EFBC}") = "week2-pratik-1", "week2-pratik-1\week2-pratik-1.csproj", "{5D637388-EB3C-4B24-9F8F-A2C4E8523FA6}"
EndProject
Global
	GlobalSection(SolutionConfigurationPlatforms) = preSolution
		Debug|Any CPU = Debug|Any CPU
		Release|Any CPU = Release|Any CPU
	EndGlobalSection
	GlobalSection(ProjectConfigurationPlatforms) = postSolution
		{5D637388-EB3C-4B24-9F8F-A2C4E8523FA6}.Debug|Any CPU.ActiveCfg = Debug|Any CPU
		{5D637388-EB3C-4B24-9F8F-A2C4E8523FA6}.Debug|Any CPU.Build.0 = Debug|Any CPU
		{5D637388-EB3C-4B24-9F8F-A2C4E8523FA6}.Release|Any CPU.ActiveCfg = Release|Any CPU
		{5D637388-EB3C-4B24-9F8F-A2C4E8523FA6}.Release|Any CPU.Build.0 = Release|Any CPU
	EndGlobalSection
	GlobalSection(SolutionProperties) = preSolution
		HideSolutionNode = FALSE
	EndGlobalSection
	GlobalSection(ExtensibilityGlobals) = postSolution
		SolutionGuid = {A5C7571A-2367-41F3-A4BA-C4AFC3FDB4B1}
	EndGlobalSection
EndGlobal
